
Microsoft Visual Studio Solution File, Format Version 12.00
# Visual Studio Version 17
VisualStudioVersion = 17.13.35931.197
MinimumVisualStudioVersion = 10.0.40219.1
Project("{FAE04EC0-301F-11D3-BF4B-00C04F79EFBC}") = "Osmium", "Osmium\Osmium.csproj", "{27212BD2-ED77-4EE0-8D76-5FE5D10CC52E}"
EndProject
Global
	GlobalSection(SolutionConfigurationPlatforms) = preSolution
		Debug|Any CPU = Debug|Any CPU
		Release|Any CPU = Release|Any CPU
	EndGlobalSection
	GlobalSection(ProjectConfigurationPlatforms) = postSolution
		{27212BD2-ED77-4EE0-8D76-5FE5D10CC52E}.Debug|Any CPU.ActiveCfg = Debug|Any CPU
		{27212BD2-ED77-4EE0-8D76-5FE5D10CC52E}.Debug|Any CPU.Build.0 = Debug|Any CPU
		{27212BD2-ED77-4EE0-8D76-5FE5D10CC52E}.Release|Any CPU.ActiveCfg = Release|Any CPU
		{27212BD2-ED77-4EE0-8D76-5FE5D10CC52E}.Release|Any CPU.Build.0 = Release|Any CPU
	EndGlobalSection
	GlobalSection(SolutionProperties) = preSolution
		HideSolutionNode = FALSE
	EndGlobalSection
	GlobalSection(ExtensibilityGlobals) = postSolution
		SolutionGuid = {8B7C17C0-EF0C-47BC-88BC-DAEEF14D1B77}
	EndGlobalSection
EndGlobal
